{
  "pins" : [
    {
      "identity" : "facebook-ios-sdk",
      "kind" : "remoteSourceControl",
      "location" : "https://github.com/facebook/facebook-ios-sdk",
      "state" : {
        "revision" : "2ef0af2c7d8b6d6c3a14edf5299b78730555c679",
        "version" : "16.1.0"
      }
    }
  ],
  "version" : 2
}
